
Microsoft Visual Studio Solution File, Format Version 12.00
# Visual Studio Version 17
VisualStudioVersion = 17.1.32210.238
MinimumVisualStudioVersion = 10.0.40219.1
Project("{FAE04EC0-301F-11D3-BF4B-00C04F79EFBC}") = "InterviewProject", "InterviewProject\InterviewProject.csproj", "{0042FF14-8AB9-4D74-B808-7AB3D0A22DFE}"
EndProject
Global
	GlobalSection(SolutionConfigurationPlatforms) = preSolution
		Debug|Any CPU = Debug|Any CPU
		Release|Any CPU = Release|Any CPU
	EndGlobalSection
	GlobalSection(ProjectConfigurationPlatforms) = postSolution
		{0042FF14-8AB9-4D74-B808-7AB3D0A22DFE}.Debug|Any CPU.ActiveCfg = Debug|Any CPU
		{0042FF14-8AB9-4D74-B808-7AB3D0A22DFE}.Debug|Any CPU.Build.0 = Debug|Any CPU
		{0042FF14-8AB9-4D74-B808-7AB3D0A22DFE}.Release|Any CPU.ActiveCfg = Release|Any CPU
		{0042FF14-8AB9-4D74-B808-7AB3D0A22DFE}.Release|Any CPU.Build.0 = Release|Any CPU
	EndGlobalSection
	GlobalSection(SolutionProperties) = preSolution
		HideSolutionNode = FALSE
	EndGlobalSection
	GlobalSection(ExtensibilityGlobals) = postSolution
		SolutionGuid = {28A63EAA-F8D2-468B-B68B-F89D12AC11E9}
	EndGlobalSection
EndGlobal
